
Microsoft Visual Studio Solution File, Format Version 12.00
# Visual Studio 2013
VisualStudioVersion = 12.0.30110.0
MinimumVisualStudioVersion = 10.0.40219.1
Project("{F2A71F9B-5D33-465A-A702-920D77279786}") = "Bricks", "Bricks\Bricks.fsproj", "{7EE1B04F-CB1F-48D3-9F28-AF91EB2C20D4}"
EndProject
Project("{F2A71F9B-5D33-465A-A702-920D77279786}") = "Bricks.Tests", "Bricks.Tests\Bricks.Tests.fsproj", "{A2125B87-771D-47FE-A31E-3B4958E010B3}"
EndProject
Project("{2150E333-8FDC-42A3-9474-1A3956D46DE8}") = ".nuget", ".nuget", "{9E23DBDF-8937-4A5E-99D3-BDBA970763F9}"
	ProjectSection(SolutionItems) = preProject
		.nuget\NuGet.Config = .nuget\NuGet.Config
		.nuget\NuGet.exe = .nuget\NuGet.exe
		.nuget\NuGet.targets = .nuget\NuGet.targets
	EndProjectSection
EndProject
Global
	GlobalSection(SolutionConfigurationPlatforms) = preSolution
		Debug|Any CPU = Debug|Any CPU
		Release|Any CPU = Release|Any CPU
	EndGlobalSection
	GlobalSection(ProjectConfigurationPlatforms) = postSolution
		{7EE1B04F-CB1F-48D3-9F28-AF91EB2C20D4}.Debug|Any CPU.ActiveCfg = Debug|Any CPU
		{7EE1B04F-CB1F-48D3-9F28-AF91EB2C20D4}.Debug|Any CPU.Build.0 = Debug|Any CPU
		{7EE1B04F-CB1F-48D3-9F28-AF91EB2C20D4}.Release|Any CPU.ActiveCfg = Release|Any CPU
		{7EE1B04F-CB1F-48D3-9F28-AF91EB2C20D4}.Release|Any CPU.Build.0 = Release|Any CPU
		{A2125B87-771D-47FE-A31E-3B4958E010B3}.Debug|Any CPU.ActiveCfg = Debug|Any CPU
		{A2125B87-771D-47FE-A31E-3B4958E010B3}.Debug|Any CPU.Build.0 = Debug|Any CPU
		{A2125B87-771D-47FE-A31E-3B4958E010B3}.Release|Any CPU.ActiveCfg = Release|Any CPU
		{A2125B87-771D-47FE-A31E-3B4958E010B3}.Release|Any CPU.Build.0 = Release|Any CPU
	EndGlobalSection
	GlobalSection(SolutionProperties) = preSolution
		HideSolutionNode = FALSE
	EndGlobalSection
EndGlobal
